github.com/mrhelloboy/seven v0.1.4 h1:Aa7ZZK06zsB3tNT9kQ9QltCQrKt99y9G6ST6ApWgXtg=
github.com/mrhelloboy/seven v0.1.4/go.mod h1:FHSTeAW8sPZWQaNFfvdej1cWzmHE6t54vP8Ox2amK90=
github.com/mrhelloboy/seven v0.1.5-0.20230705034727-6af18a84ed1b h1:YO9QNT2lbRoZQZA5K7bfetraRwhRWODlnS4+FSeOMEY=
github.com/mrhelloboy/seven v0.1.5-0.20230705034727-6af18a84ed1b/go.mod h1:FHSTeAW8sPZWQaNFfvdej1cWzmHE6t54vP8Ox2amK90=
